
Microsoft Visual Studio Solution File, Format Version 12.00
# Visual Studio Version 17
VisualStudioVersion = 17.4.33205.214
MinimumVisualStudioVersion = 10.0.40219.1
Project("{FAE04EC0-301F-11D3-BF4B-00C04F79EFBC}") = "Service Provider Ratings and Notifications", "Service Provider Ratings and Notifications.csproj", "{A1D13FB0-257A-4CB2-9657-EB6B17EEA5DB}"
EndProject
Global
	GlobalSection(SolutionConfigurationPlatforms) = preSolution
		Debug|Any CPU = Debug|Any CPU
		Release|Any CPU = Release|Any CPU
	EndGlobalSection
	GlobalSection(ProjectConfigurationPlatforms) = postSolution
		{A1D13FB0-257A-4CB2-9657-EB6B17EEA5DB}.Debug|Any CPU.ActiveCfg = Debug|Any CPU
		{A1D13FB0-257A-4CB2-9657-EB6B17EEA5DB}.Debug|Any CPU.Build.0 = Debug|Any CPU
		{A1D13FB0-257A-4CB2-9657-EB6B17EEA5DB}.Release|Any CPU.ActiveCfg = Release|Any CPU
		{A1D13FB0-257A-4CB2-9657-EB6B17EEA5DB}.Release|Any CPU.Build.0 = Release|Any CPU
	EndGlobalSection
	GlobalSection(SolutionProperties) = preSolution
		HideSolutionNode = FALSE
	EndGlobalSection
	GlobalSection(ExtensibilityGlobals) = postSolution
		SolutionGuid = {733FDBA7-3AAA-4669-B102-C335DEA9C0D1}
	EndGlobalSection
EndGlobal
